// !$*UTF8*$!
{
	archiveVersion = 1;
	classes = {
	};
	objectVersion = 56;
	objects = {

/* Begin PBXBuildFile section */
		8B61D6BD2A79F23300A9BC2F /* TimelineViewController.swift in Sources */ = {isa = PBXBuildFile; fileRef = 8B61D6BC2A79F23300A9BC2F /* TimelineViewController.swift */; };
		8B61D6D02A7B72C100A9BC2F /* LottoViewController.swift in Sources */ = {isa = PBXBuildFile; fileRef = 8B61D6CF2A7B72C100A9BC2F /* LottoViewController.swift */; };
		8B7F12E72A773A68006A6B39 /* AppDelegate.swift in Sources */ = {isa = PBXBuildFile; fileRef = 8B7F12E62A773A68006A6B39 /* AppDelegate.swift */; };
		8B7F12E92A773A68006A6B39 /* SceneDelegate.swift in Sources */ = {isa = PBXBuildFile; fileRef = 8B7F12E82A773A68006A6B39 /* SceneDelegate.swift */; };
		8B7F12EB2A773A68006A6B39 /* AddViewController.swift in Sources */ = {isa = PBXBuildFile; fileRef = 8B7F12EA2A773A68006A6B39 /* AddViewController.swift */; };
		8B7F12EE2A773A68006A6B39 /* Main.storyboard in Resources */ = {isa = PBXBuildFile; fileRef = 8B7F12EC2A773A68006A6B39 /* Main.storyboard */; };
		8B7F12F02A773A69006A6B39 /* Assets.xcassets in Resources */ = {isa = PBXBuildFile; fileRef = 8B7F12EF2A773A69006A6B39 /* Assets.xcassets */; };
		8B7F12F32A773A69006A6B39 /* LaunchScreen.storyboard in Resources */ = {isa = PBXBuildFile; fileRef = 8B7F12F12A773A69006A6B39 /* LaunchScreen.storyboard */; };
		8B7F12FB2A773ACF006A6B39 /* DiaryTableViewController.swift in Sources */ = {isa = PBXBuildFile; fileRef = 8B7F12FA2A773ACF006A6B39 /* DiaryTableViewController.swift */; };
		8B7F12FE2A773BC4006A6B39 /* DiaryTableViewCell.swift in Sources */ = {isa = PBXBuildFile; fileRef = 8B7F12FC2A773BC4006A6B39 /* DiaryTableViewCell.swift */; };
		8B7F12FF2A773BC4006A6B39 /* DiaryTableViewCell.xib in Resources */ = {isa = PBXBuildFile; fileRef = 8B7F12FD2A773BC4006A6B39 /* DiaryTableViewCell.xib */; };
		8B7F13032A775383006A6B39 /* DetailViewController.swift in Sources */ = {isa = PBXBuildFile; fileRef = 8B7F13022A775383006A6B39 /* DetailViewController.swift */; };
		8B7F13052A776257006A6B39 /* Extension+UIViewController.swift in Sources */ = {isa = PBXBuildFile; fileRef = 8B7F13042A776257006A6B39 /* Extension+UIViewController.swift */; };
		8B7F13072A777959006A6B39 /* SearchCollectionViewController.swift in Sources */ = {isa = PBXBuildFile; fileRef = 8B7F13062A777959006A6B39 /* SearchCollectionViewController.swift */; };
		8B7F130A2A777ADF006A6B39 /* SearchCollectionViewCell.swift in Sources */ = {isa = PBXBuildFile; fileRef = 8B7F13082A777ADF006A6B39 /* SearchCollectionViewCell.swift */; };
		8B7F130B2A777ADF006A6B39 /* SearchCollectionViewCell.xib in Resources */ = {isa = PBXBuildFile; fileRef = 8B7F13092A777ADF006A6B39 /* SearchCollectionViewCell.xib */; };
		8B7F133B2A789B5D006A6B39 /* SettingTableViewController.swift in Sources */ = {isa = PBXBuildFile; fileRef = 8B7F133A2A789B5D006A6B39 /* SettingTableViewController.swift */; };
/* End PBXBuildFile section */

/* Begin PBXFileReference section */
		8B61D6BC2A79F23300A9BC2F /* TimelineViewController.swift */ = {isa = PBXFileReference; lastKnownFileType = sourcecode.swift; path = TimelineViewController.swift; sourceTree = "<group>"; };
		8B61D6CF2A7B72C100A9BC2F /* LottoViewController.swift */ = {isa = PBXFileReference; lastKnownFileType = sourcecode.swift; path = LottoViewController.swift; sourceTree = SOURCE_ROOT; };
		8B7F12E32A773A68006A6B39 /* OneLineDiary.app */ = {isa = PBXFileReference; explicitFileType = wrapper.application; includeInIndex = 0; path = OneLineDiary.app; sourceTree = BUILT_PRODUCTS_DIR; };
		8B7F12E62A773A68006A6B39 /* AppDelegate.swift */ = {isa = PBXFileReference; lastKnownFileType = sourcecode.swift; path = AppDelegate.swift; sourceTree = "<group>"; };
		8B7F12E82A773A68006A6B39 /* SceneDelegate.swift */ = {isa = PBXFileReference; lastKnownFileType = sourcecode.swift; path = SceneDelegate.swift; sourceTree = "<group>"; };
		8B7F12EA2A773A68006A6B39 /* AddViewController.swift */ = {isa = PBXFileReference; lastKnownFileType = sourcecode.swift; path = AddViewController.swift; sourceTree = "<group>"; };
		8B7F12ED2A773A68006A6B39 /* Base */ = {isa = PBXFileReference; lastKnownFileType = file.storyboard; name = Base; path = Base.lproj/Main.storyboard; sourceTree = "<group>"; };
		8B7F12EF2A773A69006A6B39 /* Assets.xcassets */ = {isa = PBXFileReference; lastKnownFileType = folder.assetcatalog; path = Assets.xcassets; sourceTree = "<group>"; };
		8B7F12F22A773A69006A6B39 /* Base */ = {isa = PBXFileReference; lastKnownFileType = file.storyboard; name = Base; path = Base.lproj/LaunchScreen.storyboard; sourceTree = "<group>"; };
		8B7F12F42A773A69006A6B39 /* Info.plist */ = {isa = PBXFileReference; lastKnownFileType = text.plist.xml; path = Info.plist; sourceTree = "<group>"; };
		8B7F12FA2A773ACF006A6B39 /* DiaryTableViewController.swift */ = {isa = PBXFileReference; lastKnownFileType = sourcecode.swift; path = DiaryTableViewController.swift; sourceTree = "<group>"; };
		8B7F12FC2A773BC4006A6B39 /* DiaryTableViewCell.swift */ = {isa = PBXFileReference; lastKnownFileType = sourcecode.swift; path = DiaryTableViewCell.swift; sourceTree = "<group>"; };
		8B7F12FD2A773BC4006A6B39 /* DiaryTableViewCell.xib */ = {isa = PBXFileReference; lastKnownFileType = file.xib; path = DiaryTableViewCell.xib; sourceTree = "<group>"; };
		8B7F13022A775383006A6B39 /* DetailViewController.swift */ = {isa = PBXFileReference; lastKnownFileType = sourcecode.swift; path = DetailViewController.swift; sourceTree = "<group>"; };
		8B7F13042A776257006A6B39 /* Extension+UIViewController.swift */ = {isa = PBXFileReference; lastKnownFileType = sourcecode.swift; path = "Extension+UIViewController.swift"; sourceTree = "<group>"; };
		8B7F13062A777959006A6B39 /* SearchCollectionViewController.swift */ = {isa = PBXFileReference; lastKnownFileType = sourcecode.swift; path = SearchCollectionViewController.swift; sourceTree = SOURCE_ROOT; };
		8B7F13082A777ADF006A6B39 /* SearchCollectionViewCell.swift */ = {isa = PBXFileReference; lastKnownFileType = sourcecode.swift; path = SearchCollectionViewCell.swift; sourceTree = "<group>"; };
		8B7F13092A777ADF006A6B39 /* SearchCollectionViewCell.xib */ = {isa = PBXFileReference; lastKnownFileType = file.xib; path = SearchCollectionViewCell.xib; sourceTree = "<group>"; };
		8B7F133A2A789B5D006A6B39 /* SettingTableViewController.swift */ = {isa = PBXFileReference; lastKnownFileType = sourcecode.swift; path = SettingTableViewController.swift; sourceTree = "<group>"; };
/* End PBXFileReference section */

/* Begin PBXFrameworksBuildPhase section */
		8B7F12E02A773A68006A6B39 /* Frameworks */ = {
			isa = PBXFrameworksBuildPhase;
			buildActionMask = 2147483647;
			files = (
			);
			runOnlyForDeploymentPostprocessing = 0;
		};
/* End PBXFrameworksBuildPhase section */

/* Begin PBXGroup section */
		8B7F12DA2A773A68006A6B39 = {
			isa = PBXGroup;
			children = (
				8B7F12E52A773A68006A6B39 /* OneLineDiary */,
				8B7F12E42A773A68006A6B39 /* Products */,
			);
			sourceTree = "<group>";
		};
		8B7F12E42A773A68006A6B39 /* Products */ = {
			isa = PBXGroup;
			children = (
				8B7F12E32A773A68006A6B39 /* OneLineDiary.app */,
			);
			name = Products;
			sourceTree = "<group>";
		};
		8B7F12E52A773A68006A6B39 /* OneLineDiary */ = {
			isa = PBXGroup;
			children = (
				8B61D6CF2A7B72C100A9BC2F /* LottoViewController.swift */,
				8B7F13062A777959006A6B39 /* SearchCollectionViewController.swift */,
				8B7F12E62A773A68006A6B39 /* AppDelegate.swift */,
				8B7F12E82A773A68006A6B39 /* SceneDelegate.swift */,
				8B7F12EA2A773A68006A6B39 /* AddViewController.swift */,
				8B7F12EC2A773A68006A6B39 /* Main.storyboard */,
				8B61D6BC2A79F23300A9BC2F /* TimelineViewController.swift */,
				8B7F133A2A789B5D006A6B39 /* SettingTableViewController.swift */,
				8B7F13082A777ADF006A6B39 /* SearchCollectionViewCell.swift */,
				8B7F13092A777ADF006A6B39 /* SearchCollectionViewCell.xib */,
				8B7F12FC2A773BC4006A6B39 /* DiaryTableViewCell.swift */,
				8B7F12FD2A773BC4006A6B39 /* DiaryTableViewCell.xib */,
				8B7F12FA2A773ACF006A6B39 /* DiaryTableViewController.swift */,
				8B7F13042A776257006A6B39 /* Extension+UIViewController.swift */,
				8B7F13022A775383006A6B39 /* DetailViewController.swift */,
				8B7F12EF2A773A69006A6B39 /* Assets.xcassets */,
				8B7F12F12A773A69006A6B39 /* LaunchScreen.storyboard */,
				8B7F12F42A773A69006A6B39 /* Info.plist */,
			);
			path = OneLineDiary;
			sourceTree = "<group>";
		};
/* End PBXGroup section */

/* Begin PBXNativeTarget section */
		8B7F12E22A773A68006A6B39 /* OneLineDiary */ = {
			isa = PBXNativeTarget;
			buildConfigurationList = 8B7F12F72A773A69006A6B39 /* Build configuration list for PBXNativeTarget "OneLineDiary" */;
			buildPhases = (
				8B7F12DF2A773A68006A6B39 /* Sources */,
				8B7F12E02A773A68006A6B39 /* Frameworks */,
				8B7F12E12A773A68006A6B39 /* Resources */,
			);
			buildRules = (
			);
			dependencies = (
			);
			name = OneLineDiary;
			productName = OneLineDiary;
			productReference = 8B7F12E32A773A68006A6B39 /* OneLineDiary.app */;
			productType = "com.apple.product-type.application";
		};
/* End PBXNativeTarget section */

/* Begin PBXProject section */
		8B7F12DB2A773A68006A6B39 /* Project object */ = {
			isa = PBXProject;
			attributes = {
				BuildIndependentTargetsInParallel = 1;
				LastSwiftUpdateCheck = 1430;
				LastUpgradeCheck = 1430;
				TargetAttributes = {
					8B7F12E22A773A68006A6B39 = {
						CreatedOnToolsVersion = 14.3.1;
					};
				};
			};
			buildConfigurationList = 8B7F12DE2A773A68006A6B39 /* Build configuration list for PBXProject "OneLineDiary" */;
			compatibilityVersion = "Xcode 14.0";
			developmentRegion = en;
			hasScannedForEncodings = 0;
			knownRegions = (
				en,
				Base,
			);
			mainGroup = 8B7F12DA2A773A68006A6B39;
			productRefGroup = 8B7F12E42A773A68006A6B39 /* Products */;
			projectDirPath = "";
			projectRoot = "";
			targets = (
				8B7F12E22A773A68006A6B39 /* OneLineDiary */,
			);
		};
/* End PBXProject section */

/* Begin PBXResourcesBuildPhase section */
		8B7F12E12A773A68006A6B39 /* Resources */ = {
			isa = PBXResourcesBuildPhase;
			buildActionMask = 2147483647;
			files = (
				8B7F12F32A773A69006A6B39 /* LaunchScreen.storyboard in Resources */,
				8B7F12F02A773A69006A6B39 /* Assets.xcassets in Resources */,
				8B7F130B2A777ADF006A6B39 /* SearchCollectionViewCell.xib in Resources */,
				8B7F12EE2A773A68006A6B39 /* Main.storyboard in Resources */,
				8B7F12FF2A773BC4006A6B39 /* DiaryTableViewCell.xib in Resources */,
			);
			runOnlyForDeploymentPostprocessing = 0;
		};
/* End PBXResourcesBuildPhase section */

/* Begin PBXSourcesBuildPhase section */
		8B7F12DF2A773A68006A6B39 /* Sources */ = {
			isa = PBXSourcesBuildPhase;
			buildActionMask = 2147483647;
			files = (
				8B7F13072A777959006A6B39 /* SearchCollectionViewController.swift in Sources */,
				8B61D6BD2A79F23300A9BC2F /* TimelineViewController.swift in Sources */,
				8B7F12EB2A773A68006A6B39 /* AddViewController.swift in Sources */,
				8B7F13052A776257006A6B39 /* Extension+UIViewController.swift in Sources */,
				8B7F12FE2A773BC4006A6B39 /* DiaryTableViewCell.swift in Sources */,
				8B7F133B2A789B5D006A6B39 /* SettingTableViewController.swift in Sources */,
				8B7F12FB2A773ACF006A6B39 /* DiaryTableViewController.swift in Sources */,
				8B7F13032A775383006A6B39 /* DetailViewController.swift in Sources */,
				8B7F12E72A773A68006A6B39 /* AppDelegate.swift in Sources */,
				8B61D6D02A7B72C100A9BC2F /* LottoViewController.swift in Sources */,
				8B7F12E92A773A68006A6B39 /* SceneDelegate.swift in Sources */,
				8B7F130A2A777ADF006A6B39 /* SearchCollectionViewCell.swift in Sources */,
			);
			runOnlyForDeploymentPostprocessing = 0;
		};
/* End PBXSourcesBuildPhase section */

/* Begin PBXVariantGroup section */
		8B7F12EC2A773A68006A6B39 /* Main.storyboard */ = {
			isa = PBXVariantGroup;
			children = (
				8B7F12ED2A773A68006A6B39 /* Base */,
			);
			name = Main.storyboard;
			sourceTree = "<group>";
		};
		8B7F12F12A773A69006A6B39 /* LaunchScreen.storyboard */ = {
			isa = PBXVariantGroup;
			children = (
				8B7F12F22A773A69006A6B39 /* Base */,
			);
			name = LaunchScreen.storyboard;
			sourceTree = "<group>";
		};
/* End PBXVariantGroup section */

/* Begin XCBuildConfiguration section */
		8B7F12F52A773A69006A6B39 /* Debug */ = {
			isa = XCBuildConfiguration;
			buildSettings = {
				ALWAYS_SEARCH_USER_PATHS = NO;
				CLANG_ANALYZER_NONNULL = YES;
				CLANG_ANALYZER_NUMBER_OBJECT_CONVERSION = YES_AGGRESSIVE;
				CLANG_CXX_LANGUAGE_STANDARD = "gnu++20";
				CLANG_ENABLE_MODULES = YES;
				CLANG_ENABLE_OBJC_ARC = YES;
				CLANG_ENABLE_OBJC_WEAK = YES;
				CLANG_WARN_BLOCK_CAPTURE_AUTORELEASING = YES;
				CLANG_WARN_BOOL_CONVERSION = YES;
				CLANG_WARN_COMMA = YES;
				CLANG_WARN_CONSTANT_CONVERSION = YES;
				CLANG_WARN_DEPRECATED_OBJC_IMPLEMENTATIONS = YES;
				CLANG_WARN_DIRECT_OBJC_ISA_USAGE = YES_ERROR;
				CLANG_WARN_DOCUMENTATION_COMMENTS = YES;
				CLANG_WARN_EMPTY_BODY = YES;
				CLANG_WARN_ENUM_CONVERSION = YES;
				CLANG_WARN_INFINITE_RECURSION = YES;
				CLANG_WARN_INT_CONVERSION = YES;
				CLANG_WARN_NON_LITERAL_NULL_CONVERSION = YES;
				CLANG_WARN_OBJC_IMPLICIT_RETAIN_SELF = YES;
				CLANG_WARN_OBJC_LITERAL_CONVERSION = YES;
				CLANG_WARN_OBJC_ROOT_CLASS = YES_ERROR;
				CLANG_WARN_QUOTED_INCLUDE_IN_FRAMEWORK_HEADER = YES;
				CLANG_WARN_RANGE_LOOP_ANALYSIS = YES;
				CLANG_WARN_STRICT_PROTOTYPES = YES;
				CLANG_WARN_SUSPICIOUS_MOVE = YES;
				CLANG_WARN_UNGUARDED_AVAILABILITY = YES_AGGRESSIVE;
				CLANG_WARN_UNREACHABLE_CODE = YES;
				CLANG_WARN__DUPLICATE_METHOD_MATCH = YES;
				COPY_PHASE_STRIP = NO;
				DEBUG_INFORMATION_FORMAT = dwarf;
				ENABLE_STRICT_OBJC_MSGSEND = YES;
				ENABLE_TESTABILITY = YES;
				GCC_C_LANGUAGE_STANDARD = gnu11;
				GCC_DYNAMIC_NO_PIC = NO;
				GCC_NO_COMMON_BLOCKS = YES;
				GCC_OPTIMIZATION_LEVEL = 0;
				GCC_PREPROCESSOR_DEFINITIONS = (
					"DEBUG=1",
					"$(inherited)",
				);
				GCC_WARN_64_TO_32_BIT_CONVERSION = YES;
				GCC_WARN_ABOUT_RETURN_TYPE = YES_ERROR;
				GCC_WARN_UNDECLARED_SELECTOR = YES;
				GCC_WARN_UNINITIALIZED_AUTOS = YES_AGGRESSIVE;
				GCC_WARN_UNUSED_FUNCTION = YES;
				GCC_WARN_UNUSED_VARIABLE = YES;
				IPHONEOS_DEPLOYMENT_TARGET = 16.4;
				MTL_ENABLE_DEBUG_INFO = INCLUDE_SOURCE;
				MTL_FAST_MATH = YES;
				ONLY_ACTIVE_ARCH = YES;
				SDKROOT = iphoneos;
				SWIFT_ACTIVE_COMPILATION_CONDITIONS = DEBUG;
				SWIFT_OPTIMIZATION_LEVEL = "-Onone";
			};
			name = Debug;
		};
		8B7F12F62A773A69006A6B39 /* Release */ = {
			isa = XCBuildConfiguration;
			buildSettings = {
				ALWAYS_SEARCH_USER_PATHS = NO;
				CLANG_ANALYZER_NONNULL = YES;
				CLANG_ANALYZER_NUMBER_OBJECT_CONVERSION = YES_AGGRESSIVE;
				CLANG_CXX_LANGUAGE_STANDARD = "gnu++20";
				CLANG_ENABLE_MODULES = YES;
				CLANG_ENABLE_OBJC_ARC = YES;
				CLANG_ENABLE_OBJC_WEAK = YES;
				CLANG_WARN_BLOCK_CAPTURE_AUTORELEASING = YES;
				CLANG_WARN_BOOL_CONVERSION = YES;
				CLANG_WARN_COMMA = YES;
				CLANG_WARN_CONSTANT_CONVERSION = YES;
				CLANG_WARN_DEPRECATED_OBJC_IMPLEMENTATIONS = YES;
				CLANG_WARN_DIRECT_OBJC_ISA_USAGE = YES_ERROR;
				CLANG_WARN_DOCUMENTATION_COMMENTS = YES;
				CLANG_WARN_EMPTY_BODY = YES;
				CLANG_WARN_ENUM_CONVERSION = YES;
				CLANG_WARN_INFINITE_RECURSION = YES;
				CLANG_WARN_INT_CONVERSION = YES;
				CLANG_WARN_NON_LITERAL_NULL_CONVERSION = YES;
				CLANG_WARN_OBJC_IMPLICIT_RETAIN_SELF = YES;
				CLANG_WARN_OBJC_LITERAL_CONVERSION = YES;
				CLANG_WARN_OBJC_ROOT_CLASS = YES_ERROR;
				CLANG_WARN_QUOTED_INCLUDE_IN_FRAMEWORK_HEADER = YES;
				CLANG_WARN_RANGE_LOOP_ANALYSIS = YES;
				CLANG_WARN_STRICT_PROTOTYPES = YES;
				CLANG_WARN_SUSPICIOUS_MOVE = YES;
				CLANG_WARN_UNGUARDED_AVAILABILITY = YES_AGGRESSIVE;
				CLANG_WARN_UNREACHABLE_CODE = YES;
				CLANG_WARN__DUPLICATE_METHOD_MATCH = YES;
				COPY_PHASE_STRIP = NO;
				DEBUG_INFORMATION_FORMAT = "dwarf-with-dsym";
				ENABLE_NS_ASSERTIONS = NO;
				ENABLE_STRICT_OBJC_MSGSEND = YES;
				GCC_C_LANGUAGE_STANDARD = gnu11;
				GCC_NO_COMMON_BLOCKS = YES;
				GCC_WARN_64_TO_32_BIT_CONVERSION = YES;
				GCC_WARN_ABOUT_RETURN_TYPE = YES_ERROR;
				GCC_WARN_UNDECLARED_SELECTOR = YES;
				GCC_WARN_UNINITIALIZED_AUTOS = YES_AGGRESSIVE;
				GCC_WARN_UNUSED_FUNCTION = YES;
				GCC_WARN_UNUSED_VARIABLE = YES;
				IPHONEOS_DEPLOYMENT_TARGET = 16.4;
				MTL_ENABLE_DEBUG_INFO = NO;
				MTL_FAST_MATH = YES;
				SDKROOT = iphoneos;
				SWIFT_COMPILATION_MODE = wholemodule;
				SWIFT_OPTIMIZATION_LEVEL = "-O";
				VALIDATE_PRODUCT = YES;
			};
			name = Release;
		};
		8B7F12F82A773A69006A6B39 /* Debug */ = {
			isa = XCBuildConfiguration;
			buildSettings = {
				ASSETCATALOG_COMPILER_APPICON_NAME = AppIcon;
				ASSETCATALOG_COMPILER_GLOBAL_ACCENT_COLOR_NAME = AccentColor;
				CODE_SIGN_STYLE = Automatic;
				CURRENT_PROJECT_VERSION = 1;
				GENERATE_INFOPLIST_FILE = YES;
				INFOPLIST_FILE = OneLineDiary/Info.plist;
				INFOPLIST_KEY_UIApplicationSupportsIndirectInputEvents = YES;
				INFOPLIST_KEY_UILaunchStoryboardName = LaunchScreen;
				INFOPLIST_KEY_UIMainStoryboardFile = Main;
				INFOPLIST_KEY_UISupportedInterfaceOrientations_iPad = "UIInterfaceOrientationPortrait UIInterfaceOrientationPortraitUpsideDown UIInterfaceOrientationLandscapeLeft UIInterfaceOrientationLandscapeRight";
				INFOPLIST_KEY_UISupportedInterfaceOrientations_iPhone = "UIInterfaceOrientationPortrait UIInterfaceOrientationLandscapeLeft UIInterfaceOrientationLandscapeRight";
				LD_RUNPATH_SEARCH_PATHS = (
					"$(inherited)",
					"@executable_path/Frameworks",
				);
				MARKETING_VERSION = 1.0;
				PRODUCT_BUNDLE_IDENTIFIER = com.SoomanHong.OneLineDiary;
				PRODUCT_NAME = "$(TARGET_NAME)";
				SWIFT_EMIT_LOC_STRINGS = YES;
				SWIFT_VERSION = 5.0;
				TARGETED_DEVICE_FAMILY = "1,2";
			};
			name = Debug;
		};
		8B7F12F92A773A69006A6B39 /* Release */ = {
			isa = XCBuildConfiguration;
			buildSettings = {
				ASSETCATALOG_COMPILER_APPICON_NAME = AppIcon;
				ASSETCATALOG_COMPILER_GLOBAL_ACCENT_COLOR_NAME = AccentColor;
				CODE_SIGN_STYLE = Automatic;
				CURRENT_PROJECT_VERSION = 1;
				GENERATE_INFOPLIST_FILE = YES;
				INFOPLIST_FILE = OneLineDiary/Info.plist;
				INFOPLIST_KEY_UIApplicationSupportsIndirectInputEvents = YES;
				INFOPLIST_KEY_UILaunchStoryboardName = LaunchScreen;
				INFOPLIST_KEY_UIMainStoryboardFile = Main;
				INFOPLIST_KEY_UISupportedInterfaceOrientations_iPad = "UIInterfaceOrientationPortrait UIInterfaceOrientationPortraitUpsideDown UIInterfaceOrientationLandscapeLeft UIInterfaceOrientationLandscapeRight";
				INFOPLIST_KEY_UISupportedInterfaceOrientations_iPhone = "UIInterfaceOrientationPortrait UIInterfaceOrientationLandscapeLeft UIInterfaceOrientationLandscapeRight";
				LD_RUNPATH_SEARCH_PATHS = (
					"$(inherited)",
					"@executable_path/Frameworks",
				);
				MARKETING_VERSION = 1.0;
				PRODUCT_BUNDLE_IDENTIFIER = com.SoomanHong.OneLineDiary;
				PRODUCT_NAME = "$(TARGET_NAME)";
				SWIFT_EMIT_LOC_STRINGS = YES;
				SWIFT_VERSION = 5.0;
				TARGETED_DEVICE_FAMILY = "1,2";
			};
			name = Release;
		};
/* End XCBuildConfiguration section */

/* Begin XCConfigurationList section */
		8B7F12DE2A773A68006A6B39 /* Build configuration list for PBXProject "OneLineDiary" */ = {
			isa = XCConfigurationList;
			buildConfigurations = (
				8B7F12F52A773A69006A6B39 /* Debug */,
				8B7F12F62A773A69006A6B39 /* Release */,
			);
			defaultConfigurationIsVisible = 0;
			defaultConfigurationName = Release;
		};
		8B7F12F72A773A69006A6B39 /* Build configuration list for PBXNativeTarget "OneLineDiary" */ = {
			isa = XCConfigurationList;
			buildConfigurations = (
				8B7F12F82A773A69006A6B39 /* Debug */,
				8B7F12F92A773A69006A6B39 /* Release */,
			);
			defaultConfigurationIsVisible = 0;
			defaultConfigurationName = Release;
		};
/* End XCConfigurationList section */
	};
	rootObject = 8B7F12DB2A773A68006A6B39 /* Project object */;
}
